
Microsoft Visual Studio Solution File, Format Version 12.00
# Visual Studio 14
VisualStudioVersion = 14.0.23107.0
MinimumVisualStudioVersion = 10.0.40219.1
Project("{8BC9CEB8-8B4A-11D0-8D11-00A0C91BC942}") = "slotview_15", "slotview\slotview_15.vcxproj", "{0335F4C9-B9BF-42D9-87E7-E939E27DAD0B}"
EndProject
Project("{8BC9CEB8-8B4A-11D0-8D11-00A0C91BC942}") = "slotsimul_15", "slotsimul\slotsimul_15.vcxproj", "{69CCA0B7-0782-4B88-BEFF-B34625CEB853}"
EndProject
Global
	GlobalSection(SolutionConfigurationPlatforms) = preSolution
		Debug|x86 = Debug|x86
		Deploy|x86 = Deploy|x86
		Release|x86 = Release|x86
	EndGlobalSection
	GlobalSection(ProjectConfigurationPlatforms) = postSolution
		{0335F4C9-B9BF-42D9-87E7-E939E27DAD0B}.Debug|x86.ActiveCfg = Debug|Win32
		{0335F4C9-B9BF-42D9-87E7-E939E27DAD0B}.Debug|x86.Build.0 = Debug|Win32
		{0335F4C9-B9BF-42D9-87E7-E939E27DAD0B}.Deploy|x86.ActiveCfg = Deploy|Win32
		{0335F4C9-B9BF-42D9-87E7-E939E27DAD0B}.Deploy|x86.Build.0 = Deploy|Win32
		{0335F4C9-B9BF-42D9-87E7-E939E27DAD0B}.Release|x86.ActiveCfg = Release|Win32
		{0335F4C9-B9BF-42D9-87E7-E939E27DAD0B}.Release|x86.Build.0 = Release|Win32
		{69CCA0B7-0782-4B88-BEFF-B34625CEB853}.Debug|x86.ActiveCfg = Debug|Win32
		{69CCA0B7-0782-4B88-BEFF-B34625CEB853}.Debug|x86.Build.0 = Debug|Win32
		{69CCA0B7-0782-4B88-BEFF-B34625CEB853}.Deploy|x86.ActiveCfg = Debug|Win32
		{69CCA0B7-0782-4B88-BEFF-B34625CEB853}.Deploy|x86.Build.0 = Debug|Win32
		{69CCA0B7-0782-4B88-BEFF-B34625CEB853}.Release|x86.ActiveCfg = Release|Win32
		{69CCA0B7-0782-4B88-BEFF-B34625CEB853}.Release|x86.Build.0 = Release|Win32
	EndGlobalSection
	GlobalSection(SolutionProperties) = preSolution
		HideSolutionNode = FALSE
	EndGlobalSection
EndGlobal
