<?xml version="1.0" encoding="utf-8"?>
<Project ToolsVersion="4.0" xmlns="http://schemas.microsoft.com/developer/msbuild/2003">
  <ItemGroup>
    <Filter Include="Source Files">
      <UniqueIdentifier>{4FC737F1-C7A5-4376-A066-2A32D752A2FF}</UniqueIdentifier>
      <Extensions>cpp;c;cc;cxx;def;odl;idl;hpj;bat;asm;asmx</Extensions>
    </Filter>
    <Filter Include="Header Files">
      <UniqueIdentifier>{93995380-89BD-4b04-88EB-625FBE52EBFB}</UniqueIdentifier>
      <Extensions>h;hpp;hxx;hm;inl;inc;xsd</Extensions>
    </Filter>
    <Filter Include="Resource Files">
      <UniqueIdentifier>{67DA6AB6-F800-4c08-8B7A-83BB121AAD01}</UniqueIdentifier>
      <Extensions>rc;ico;cur;bmp;dlg;rc2;rct;bin;rgs;gif;jpg;jpeg;jpe;resx;tiff;tif;png;wav;mfcribbon-ms</Extensions>
    </Filter>
    <Filter Include="Source Files\common">
      <UniqueIdentifier>{650ac03c-f36a-46c2-b319-8508dca973ea}</UniqueIdentifier>
    </Filter>
    <Filter Include="Source Files\slotview">
      <UniqueIdentifier>{87de3bb0-7a8d-413a-8f7b-86d01f0059b6}</UniqueIdentifier>
    </Filter>
  </ItemGroup>
  <ItemGroup>
    <ClInclude Include="..\src_common\Game.hpp">
      <Filter>Source Files\common</Filter>
    </ClInclude>
    <ClInclude Include="..\src_common\WinCalculator.hpp">
      <Filter>Source Files\common</Filter>
    </ClInclude>
    <ClInclude Include="..\src_common\Random.hpp">
      <Filter>Source Files\common</Filter>
    </ClInclude>
    <ClInclude Include="..\src_common\Reel.hpp">
      <Filter>Source Files\common</Filter>
    </ClInclude>
    <ClInclude Include="..\src_common\Settings.hpp">
      <Filter>Source Files\common</Filter>
    </ClInclude>
    <ClInclude Include="..\src_common\SizzlingHot.hpp">
      <Filter>Source Files\common</Filter>
    </ClInclude>
    <ClInclude Include="..\src_common\Statistics.hpp">
      <Filter>Source Files\common</Filter>
    </ClInclude>
    <ClInclude Include="..\src_slotview\Win32Graphics.hpp">
      <Filter>Source Files\slotview</Filter>
    </ClInclude>
    <ClInclude Include="..\src_slotview\WinMain.h">
      <Filter>Header Files</Filter>
    </ClInclude>
    <ClInclude Include="resource.h">
      <Filter>Header Files</Filter>
    </ClInclude>
  </ItemGroup>
  <ItemGroup>
    <ClCompile Include="..\src_slotview\WinMain.cpp">
      <Filter>Source Files\slotview</Filter>
    </ClCompile>
  </ItemGroup>
  <ItemGroup>
    <ResourceCompile Include="slotview.rc">
      <Filter>Resource Files</Filter>
    </ResourceCompile>
  </ItemGroup>
  <ItemGroup>
    <None Include="..\resources\SizzlingHot\icon1.ico">
      <Filter>Resource Files</Filter>
    </None>
  </ItemGroup>
</Project>